
Microsoft Visual Studio Solution File, Format Version 12.00
# Visual Studio Version 17
VisualStudioVersion = 17.2.32616.157
MinimumVisualStudioVersion = 10.0.40219.1
Project("{9A19103F-16F7-4668-BE54-9A1E7A4F7556}") = "EfCoreMvcTutorial", "EfCoreMvcTutorial.csproj", "{C3D7E8B9-D938-466E-8B30-C7FC381C54FF}"
EndProject
Global
	GlobalSection(SolutionConfigurationPlatforms) = preSolution
		Debug|Any CPU = Debug|Any CPU
		Release|Any CPU = Release|Any CPU
	EndGlobalSection
	GlobalSection(ProjectConfigurationPlatforms) = postSolution
		{C3D7E8B9-D938-466E-8B30-C7FC381C54FF}.Debug|Any CPU.ActiveCfg = Debug|Any CPU
		{C3D7E8B9-D938-466E-8B30-C7FC381C54FF}.Debug|Any CPU.Build.0 = Debug|Any CPU
		{C3D7E8B9-D938-466E-8B30-C7FC381C54FF}.Release|Any CPU.ActiveCfg = Release|Any CPU
		{C3D7E8B9-D938-466E-8B30-C7FC381C54FF}.Release|Any CPU.Build.0 = Release|Any CPU
	EndGlobalSection
	GlobalSection(SolutionProperties) = preSolution
		HideSolutionNode = FALSE
	EndGlobalSection
	GlobalSection(ExtensibilityGlobals) = postSolution
		SolutionGuid = {96DE40A0-7950-4304-BB3B-B858A4335267}
	EndGlobalSection
EndGlobal
