
Microsoft Visual Studio Solution File, Format Version 12.00
# Visual Studio Version 17
VisualStudioVersion = 17.2.32616.157
MinimumVisualStudioVersion = 10.0.40219.1
Project("{9A19103F-16F7-4668-BE54-9A1E7A4F7556}") = "Domain", "Domain\Domain.csproj", "{FAE09F86-C4B6-4A1A-AB11-74B4EEA77986}"
EndProject
Project("{9A19103F-16F7-4668-BE54-9A1E7A4F7556}") = "Persistence", "Persistence\Persistence.csproj", "{316A0026-106D-4060-BA98-7E518992E3E6}"
EndProject
Project("{9A19103F-16F7-4668-BE54-9A1E7A4F7556}") = "Infrastructure", "Infrastructure\Infrastructure.csproj", "{F07DD0D7-63E4-417D-B72E-681FC959769F}"
EndProject
Project("{9A19103F-16F7-4668-BE54-9A1E7A4F7556}") = "Application", "UseCases\Application.csproj", "{C0ED448F-0FD8-4F5D-88E3-0855761FAF2E}"
EndProject
Project("{9A19103F-16F7-4668-BE54-9A1E7A4F7556}") = "WebApp", "Presenters\WebAppRazor\WebApp.csproj", "{98A1C930-7A99-4EB9-A0E7-8886AC14E02F}"
EndProject
Global
	GlobalSection(SolutionConfigurationPlatforms) = preSolution
		Debug|Any CPU = Debug|Any CPU
		Release|Any CPU = Release|Any CPU
	EndGlobalSection
	GlobalSection(ProjectConfigurationPlatforms) = postSolution
		{FAE09F86-C4B6-4A1A-AB11-74B4EEA77986}.Debug|Any CPU.ActiveCfg = Debug|Any CPU
		{FAE09F86-C4B6-4A1A-AB11-74B4EEA77986}.Debug|Any CPU.Build.0 = Debug|Any CPU
		{FAE09F86-C4B6-4A1A-AB11-74B4EEA77986}.Release|Any CPU.ActiveCfg = Release|Any CPU
		{FAE09F86-C4B6-4A1A-AB11-74B4EEA77986}.Release|Any CPU.Build.0 = Release|Any CPU
		{316A0026-106D-4060-BA98-7E518992E3E6}.Debug|Any CPU.ActiveCfg = Debug|Any CPU
		{316A0026-106D-4060-BA98-7E518992E3E6}.Debug|Any CPU.Build.0 = Debug|Any CPU
		{316A0026-106D-4060-BA98-7E518992E3E6}.Release|Any CPU.ActiveCfg = Release|Any CPU
		{316A0026-106D-4060-BA98-7E518992E3E6}.Release|Any CPU.Build.0 = Release|Any CPU
		{F07DD0D7-63E4-417D-B72E-681FC959769F}.Debug|Any CPU.ActiveCfg = Debug|Any CPU
		{F07DD0D7-63E4-417D-B72E-681FC959769F}.Debug|Any CPU.Build.0 = Debug|Any CPU
		{F07DD0D7-63E4-417D-B72E-681FC959769F}.Release|Any CPU.ActiveCfg = Release|Any CPU
		{F07DD0D7-63E4-417D-B72E-681FC959769F}.Release|Any CPU.Build.0 = Release|Any CPU
		{C0ED448F-0FD8-4F5D-88E3-0855761FAF2E}.Debug|Any CPU.ActiveCfg = Debug|Any CPU
		{C0ED448F-0FD8-4F5D-88E3-0855761FAF2E}.Debug|Any CPU.Build.0 = Debug|Any CPU
		{C0ED448F-0FD8-4F5D-88E3-0855761FAF2E}.Release|Any CPU.ActiveCfg = Release|Any CPU
		{C0ED448F-0FD8-4F5D-88E3-0855761FAF2E}.Release|Any CPU.Build.0 = Release|Any CPU
		{98A1C930-7A99-4EB9-A0E7-8886AC14E02F}.Debug|Any CPU.ActiveCfg = Debug|Any CPU
		{98A1C930-7A99-4EB9-A0E7-8886AC14E02F}.Debug|Any CPU.Build.0 = Debug|Any CPU
		{98A1C930-7A99-4EB9-A0E7-8886AC14E02F}.Release|Any CPU.ActiveCfg = Release|Any CPU
		{98A1C930-7A99-4EB9-A0E7-8886AC14E02F}.Release|Any CPU.Build.0 = Release|Any CPU
	EndGlobalSection
	GlobalSection(SolutionProperties) = preSolution
		HideSolutionNode = FALSE
	EndGlobalSection
	GlobalSection(ExtensibilityGlobals) = postSolution
		SolutionGuid = {96DE40A0-7950-4304-BB3B-B858A4335267}
	EndGlobalSection
EndGlobal
