
Microsoft Visual Studio Solution File, Format Version 12.00
# Visual Studio Version 17
VisualStudioVersion = 17.2.32616.157
MinimumVisualStudioVersion = 10.0.40219.1
Project("{9A19103F-16F7-4668-BE54-9A1E7A4F7556}") = "WebMvc", "WebMVC\WebMvc.csproj", "{37EB8635-946A-40C0-A068-6B483159140D}"
EndProject
Project("{9A19103F-16F7-4668-BE54-9A1E7A4F7556}") = "Domain", "Domain\Domain.csproj", "{FAE09F86-C4B6-4A1A-AB11-74B4EEA77986}"
EndProject
Project("{9A19103F-16F7-4668-BE54-9A1E7A4F7556}") = "Persistence", "Persistence\Persistence.csproj", "{316A0026-106D-4060-BA98-7E518992E3E6}"
EndProject
Project("{9A19103F-16F7-4668-BE54-9A1E7A4F7556}") = "ApplicationServices", "ApplicationServices\ApplicationServices.csproj", "{297C3A87-BC11-45C4-950A-656252838A32}"
EndProject
Project("{9A19103F-16F7-4668-BE54-9A1E7A4F7556}") = "Infrastructure", "Infrastructure\Infrastructure.csproj", "{F07DD0D7-63E4-417D-B72E-681FC959769F}"
EndProject
Global
	GlobalSection(SolutionConfigurationPlatforms) = preSolution
		Debug|Any CPU = Debug|Any CPU
		Release|Any CPU = Release|Any CPU
	EndGlobalSection
	GlobalSection(ProjectConfigurationPlatforms) = postSolution
		{37EB8635-946A-40C0-A068-6B483159140D}.Debug|Any CPU.ActiveCfg = Debug|Any CPU
		{37EB8635-946A-40C0-A068-6B483159140D}.Debug|Any CPU.Build.0 = Debug|Any CPU
		{37EB8635-946A-40C0-A068-6B483159140D}.Release|Any CPU.ActiveCfg = Release|Any CPU
		{37EB8635-946A-40C0-A068-6B483159140D}.Release|Any CPU.Build.0 = Release|Any CPU
		{FAE09F86-C4B6-4A1A-AB11-74B4EEA77986}.Debug|Any CPU.ActiveCfg = Debug|Any CPU
		{FAE09F86-C4B6-4A1A-AB11-74B4EEA77986}.Debug|Any CPU.Build.0 = Debug|Any CPU
		{FAE09F86-C4B6-4A1A-AB11-74B4EEA77986}.Release|Any CPU.ActiveCfg = Release|Any CPU
		{FAE09F86-C4B6-4A1A-AB11-74B4EEA77986}.Release|Any CPU.Build.0 = Release|Any CPU
		{316A0026-106D-4060-BA98-7E518992E3E6}.Debug|Any CPU.ActiveCfg = Debug|Any CPU
		{316A0026-106D-4060-BA98-7E518992E3E6}.Debug|Any CPU.Build.0 = Debug|Any CPU
		{316A0026-106D-4060-BA98-7E518992E3E6}.Release|Any CPU.ActiveCfg = Release|Any CPU
		{316A0026-106D-4060-BA98-7E518992E3E6}.Release|Any CPU.Build.0 = Release|Any CPU
		{297C3A87-BC11-45C4-950A-656252838A32}.Debug|Any CPU.ActiveCfg = Debug|Any CPU
		{297C3A87-BC11-45C4-950A-656252838A32}.Debug|Any CPU.Build.0 = Debug|Any CPU
		{297C3A87-BC11-45C4-950A-656252838A32}.Release|Any CPU.ActiveCfg = Release|Any CPU
		{297C3A87-BC11-45C4-950A-656252838A32}.Release|Any CPU.Build.0 = Release|Any CPU
		{F07DD0D7-63E4-417D-B72E-681FC959769F}.Debug|Any CPU.ActiveCfg = Debug|Any CPU
		{F07DD0D7-63E4-417D-B72E-681FC959769F}.Debug|Any CPU.Build.0 = Debug|Any CPU
		{F07DD0D7-63E4-417D-B72E-681FC959769F}.Release|Any CPU.ActiveCfg = Release|Any CPU
		{F07DD0D7-63E4-417D-B72E-681FC959769F}.Release|Any CPU.Build.0 = Release|Any CPU
	EndGlobalSection
	GlobalSection(SolutionProperties) = preSolution
		HideSolutionNode = FALSE
	EndGlobalSection
	GlobalSection(ExtensibilityGlobals) = postSolution
		SolutionGuid = {96DE40A0-7950-4304-BB3B-B858A4335267}
	EndGlobalSection
EndGlobal
